
Microsoft Visual Studio Solution File, Format Version 12.00
# Visual Studio 15
VisualStudioVersion = 15.0.27703.2042
MinimumVisualStudioVersion = 10.0.40219.1
Project("{FAE04EC0-301F-11D3-BF4B-00C04F79EFBC}") = "Three figures (seminar 1)", "Three figures (seminar 1)\Three figures (seminar 1).csproj", "{2DE99652-B29F-4724-A806-27996AB7B12D}"
EndProject
Global
	GlobalSection(SolutionConfigurationPlatforms) = preSolution
		Debug|Any CPU = Debug|Any CPU
		Release|Any CPU = Release|Any CPU
	EndGlobalSection
	GlobalSection(ProjectConfigurationPlatforms) = postSolution
		{2DE99652-B29F-4724-A806-27996AB7B12D}.Debug|Any CPU.ActiveCfg = Debug|Any CPU
		{2DE99652-B29F-4724-A806-27996AB7B12D}.Debug|Any CPU.Build.0 = Debug|Any CPU
		{2DE99652-B29F-4724-A806-27996AB7B12D}.Release|Any CPU.ActiveCfg = Release|Any CPU
		{2DE99652-B29F-4724-A806-27996AB7B12D}.Release|Any CPU.Build.0 = Release|Any CPU
	EndGlobalSection
	GlobalSection(SolutionProperties) = preSolution
		HideSolutionNode = FALSE
	EndGlobalSection
	GlobalSection(ExtensibilityGlobals) = postSolution
		SolutionGuid = {3A68D78C-C08F-4759-A6FE-AF5D6D37F3E9}
	EndGlobalSection
EndGlobal
