
Microsoft Visual Studio Solution File, Format Version 12.00
# Visual Studio 15
VisualStudioVersion = 15.0.27703.2042
MinimumVisualStudioVersion = 10.0.40219.1
Project("{FAE04EC0-301F-11D3-BF4B-00C04F79EFBC}") = "Leap year (seminar 1)", "Leap year (seminar 1)\Leap year (seminar 1).csproj", "{90C08908-50B9-43D5-B6C2-1482FD382143}"
EndProject
Global
	GlobalSection(SolutionConfigurationPlatforms) = preSolution
		Debug|Any CPU = Debug|Any CPU
		Release|Any CPU = Release|Any CPU
	EndGlobalSection
	GlobalSection(ProjectConfigurationPlatforms) = postSolution
		{90C08908-50B9-43D5-B6C2-1482FD382143}.Debug|Any CPU.ActiveCfg = Debug|Any CPU
		{90C08908-50B9-43D5-B6C2-1482FD382143}.Debug|Any CPU.Build.0 = Debug|Any CPU
		{90C08908-50B9-43D5-B6C2-1482FD382143}.Release|Any CPU.ActiveCfg = Release|Any CPU
		{90C08908-50B9-43D5-B6C2-1482FD382143}.Release|Any CPU.Build.0 = Release|Any CPU
	EndGlobalSection
	GlobalSection(SolutionProperties) = preSolution
		HideSolutionNode = FALSE
	EndGlobalSection
	GlobalSection(ExtensibilityGlobals) = postSolution
		SolutionGuid = {4EECDE9C-5239-472B-9F1F-1D241505A3C5}
	EndGlobalSection
EndGlobal
