
Microsoft Visual Studio Solution File, Format Version 12.00
# Visual Studio 15
VisualStudioVersion = 15.0.27703.2042
MinimumVisualStudioVersion = 10.0.40219.1
Project("{FAE04EC0-301F-11D3-BF4B-00C04F79EFBC}") = "Hours and minutes (seminar 2)", "Hours and minutes (seminar 2)\Hours and minutes (seminar 2).csproj", "{CE1E76A6-88A0-4B86-8124-7E44A54A3BE3}"
EndProject
Global
	GlobalSection(SolutionConfigurationPlatforms) = preSolution
		Debug|Any CPU = Debug|Any CPU
		Release|Any CPU = Release|Any CPU
	EndGlobalSection
	GlobalSection(ProjectConfigurationPlatforms) = postSolution
		{CE1E76A6-88A0-4B86-8124-7E44A54A3BE3}.Debug|Any CPU.ActiveCfg = Debug|Any CPU
		{CE1E76A6-88A0-4B86-8124-7E44A54A3BE3}.Debug|Any CPU.Build.0 = Debug|Any CPU
		{CE1E76A6-88A0-4B86-8124-7E44A54A3BE3}.Release|Any CPU.ActiveCfg = Release|Any CPU
		{CE1E76A6-88A0-4B86-8124-7E44A54A3BE3}.Release|Any CPU.Build.0 = Release|Any CPU
	EndGlobalSection
	GlobalSection(SolutionProperties) = preSolution
		HideSolutionNode = FALSE
	EndGlobalSection
	GlobalSection(ExtensibilityGlobals) = postSolution
		SolutionGuid = {18298D03-1DFE-4679-A22F-91D5F9CE829C}
	EndGlobalSection
EndGlobal
