
Microsoft Visual Studio Solution File, Format Version 12.00
# Visual Studio 15
VisualStudioVersion = 15.0.27703.2042
MinimumVisualStudioVersion = 10.0.40219.1
Project("{FAE04EC0-301F-11D3-BF4B-00C04F79EFBC}") = "Passenger comfort (seminar 2)", "Passenger comfort (seminar 2)\Passenger comfort (seminar 2).csproj", "{09F0C705-65E7-413D-A23E-27B58B54E64B}"
EndProject
Global
	GlobalSection(SolutionConfigurationPlatforms) = preSolution
		Debug|Any CPU = Debug|Any CPU
		Release|Any CPU = Release|Any CPU
	EndGlobalSection
	GlobalSection(ProjectConfigurationPlatforms) = postSolution
		{09F0C705-65E7-413D-A23E-27B58B54E64B}.Debug|Any CPU.ActiveCfg = Debug|Any CPU
		{09F0C705-65E7-413D-A23E-27B58B54E64B}.Debug|Any CPU.Build.0 = Debug|Any CPU
		{09F0C705-65E7-413D-A23E-27B58B54E64B}.Release|Any CPU.ActiveCfg = Release|Any CPU
		{09F0C705-65E7-413D-A23E-27B58B54E64B}.Release|Any CPU.Build.0 = Release|Any CPU
	EndGlobalSection
	GlobalSection(SolutionProperties) = preSolution
		HideSolutionNode = FALSE
	EndGlobalSection
	GlobalSection(ExtensibilityGlobals) = postSolution
		SolutionGuid = {4D94E548-F586-4057-A8D3-DE8795A94EDD}
	EndGlobalSection
EndGlobal
