
Microsoft Visual Studio Solution File, Format Version 12.00
# Visual Studio 15
VisualStudioVersion = 15.0.27703.2042
MinimumVisualStudioVersion = 10.0.40219.1
Project("{FAE04EC0-301F-11D3-BF4B-00C04F79EFBC}") = "The clock (seminar 1)", "The clock (seminar 1)\The clock (seminar 1).csproj", "{8AC39486-7D7A-499B-83CA-019734A7BDF2}"
EndProject
Global
	GlobalSection(SolutionConfigurationPlatforms) = preSolution
		Debug|Any CPU = Debug|Any CPU
		Release|Any CPU = Release|Any CPU
	EndGlobalSection
	GlobalSection(ProjectConfigurationPlatforms) = postSolution
		{8AC39486-7D7A-499B-83CA-019734A7BDF2}.Debug|Any CPU.ActiveCfg = Debug|Any CPU
		{8AC39486-7D7A-499B-83CA-019734A7BDF2}.Debug|Any CPU.Build.0 = Debug|Any CPU
		{8AC39486-7D7A-499B-83CA-019734A7BDF2}.Release|Any CPU.ActiveCfg = Release|Any CPU
		{8AC39486-7D7A-499B-83CA-019734A7BDF2}.Release|Any CPU.Build.0 = Release|Any CPU
	EndGlobalSection
	GlobalSection(SolutionProperties) = preSolution
		HideSolutionNode = FALSE
	EndGlobalSection
	GlobalSection(ExtensibilityGlobals) = postSolution
		SolutionGuid = {1CC27958-FEC1-4EAA-8022-E68FD85D897C}
	EndGlobalSection
EndGlobal
